
Microsoft Visual Studio Solution File, Format Version 12.00
# Visual Studio 15
VisualStudioVersion = 15.0.26124.0
MinimumVisualStudioVersion = 15.0.26124.0
Project("{FAE04EC0-301F-11D3-BF4B-00C04F79EFBC}") = "NugetDemo", "NugetDemo\NugetDemo.csproj", "{20990C7B-C9CA-40E6-8FD0-BE4AE1142864}"
EndProject
Project("{FAE04EC0-301F-11D3-BF4B-00C04F79EFBC}") = "ReflectionDemo", "ReflectionDemo\ReflectionDemo.csproj", "{FD26E621-3C51-4703-AC7D-F888F296CA76}"
EndProject
Global
	GlobalSection(SolutionConfigurationPlatforms) = preSolution
		Debug|Any CPU = Debug|Any CPU
		Debug|x64 = Debug|x64
		Debug|x86 = Debug|x86
		Release|Any CPU = Release|Any CPU
		Release|x64 = Release|x64
		Release|x86 = Release|x86
	EndGlobalSection
	GlobalSection(ProjectConfigurationPlatforms) = postSolution
		{20990C7B-C9CA-40E6-8FD0-BE4AE1142864}.Debug|Any CPU.ActiveCfg = Debug|Any CPU
		{20990C7B-C9CA-40E6-8FD0-BE4AE1142864}.Debug|Any CPU.Build.0 = Debug|Any CPU
		{20990C7B-C9CA-40E6-8FD0-BE4AE1142864}.Debug|x64.ActiveCfg = Debug|Any CPU
		{20990C7B-C9CA-40E6-8FD0-BE4AE1142864}.Debug|x64.Build.0 = Debug|Any CPU
		{20990C7B-C9CA-40E6-8FD0-BE4AE1142864}.Debug|x86.ActiveCfg = Debug|Any CPU
		{20990C7B-C9CA-40E6-8FD0-BE4AE1142864}.Debug|x86.Build.0 = Debug|Any CPU
		{20990C7B-C9CA-40E6-8FD0-BE4AE1142864}.Release|Any CPU.ActiveCfg = Release|Any CPU
		{20990C7B-C9CA-40E6-8FD0-BE4AE1142864}.Release|Any CPU.Build.0 = Release|Any CPU
		{20990C7B-C9CA-40E6-8FD0-BE4AE1142864}.Release|x64.ActiveCfg = Release|Any CPU
		{20990C7B-C9CA-40E6-8FD0-BE4AE1142864}.Release|x64.Build.0 = Release|Any CPU
		{20990C7B-C9CA-40E6-8FD0-BE4AE1142864}.Release|x86.ActiveCfg = Release|Any CPU
		{20990C7B-C9CA-40E6-8FD0-BE4AE1142864}.Release|x86.Build.0 = Release|Any CPU
		{FD26E621-3C51-4703-AC7D-F888F296CA76}.Debug|Any CPU.ActiveCfg = Debug|Any CPU
		{FD26E621-3C51-4703-AC7D-F888F296CA76}.Debug|Any CPU.Build.0 = Debug|Any CPU
		{FD26E621-3C51-4703-AC7D-F888F296CA76}.Debug|x64.ActiveCfg = Debug|Any CPU
		{FD26E621-3C51-4703-AC7D-F888F296CA76}.Debug|x64.Build.0 = Debug|Any CPU
		{FD26E621-3C51-4703-AC7D-F888F296CA76}.Debug|x86.ActiveCfg = Debug|Any CPU
		{FD26E621-3C51-4703-AC7D-F888F296CA76}.Debug|x86.Build.0 = Debug|Any CPU
		{FD26E621-3C51-4703-AC7D-F888F296CA76}.Release|Any CPU.ActiveCfg = Release|Any CPU
		{FD26E621-3C51-4703-AC7D-F888F296CA76}.Release|Any CPU.Build.0 = Release|Any CPU
		{FD26E621-3C51-4703-AC7D-F888F296CA76}.Release|x64.ActiveCfg = Release|Any CPU
		{FD26E621-3C51-4703-AC7D-F888F296CA76}.Release|x64.Build.0 = Release|Any CPU
		{FD26E621-3C51-4703-AC7D-F888F296CA76}.Release|x86.ActiveCfg = Release|Any CPU
		{FD26E621-3C51-4703-AC7D-F888F296CA76}.Release|x86.Build.0 = Release|Any CPU
	EndGlobalSection
	GlobalSection(SolutionProperties) = preSolution
		HideSolutionNode = FALSE
	EndGlobalSection
	GlobalSection(ExtensibilityGlobals) = postSolution
		SolutionGuid = {30096F0E-8022-4822-AC44-98F17B190EE6}
	EndGlobalSection
EndGlobal
