
Microsoft Visual Studio Solution File, Format Version 12.00
# Visual Studio 15
VisualStudioVersion = 15.0.26124.0
MinimumVisualStudioVersion = 15.0.26124.0
Project("{9A19103F-16F7-4668-BE54-9A1E7A4F7556}") = "University.Models", "University.Models\University.Models.csproj", "{6664C0F8-2E23-41B9-B23E-90F1DBC110CB}"
EndProject
Project("{9A19103F-16F7-4668-BE54-9A1E7A4F7556}") = "University.Contracts", "University.Contracts\University.Contracts.csproj", "{4EEBE3CA-138F-4B70-A591-DF8CF4C74ECF}"
EndProject
Project("{FAE04EC0-301F-11D3-BF4B-00C04F79EFBC}") = "AbstractClassDemo", "AbstractClassDemo\AbstractClassDemo.csproj", "{BA35633A-2904-4BB0-A788-5CADED892D88}"
EndProject
Global
	GlobalSection(SolutionConfigurationPlatforms) = preSolution
		Debug|Any CPU = Debug|Any CPU
		Debug|x64 = Debug|x64
		Debug|x86 = Debug|x86
		Release|Any CPU = Release|Any CPU
		Release|x64 = Release|x64
		Release|x86 = Release|x86
	EndGlobalSection
	GlobalSection(ProjectConfigurationPlatforms) = postSolution
		{6664C0F8-2E23-41B9-B23E-90F1DBC110CB}.Debug|Any CPU.ActiveCfg = Debug|Any CPU
		{6664C0F8-2E23-41B9-B23E-90F1DBC110CB}.Debug|Any CPU.Build.0 = Debug|Any CPU
		{6664C0F8-2E23-41B9-B23E-90F1DBC110CB}.Debug|x64.ActiveCfg = Debug|Any CPU
		{6664C0F8-2E23-41B9-B23E-90F1DBC110CB}.Debug|x64.Build.0 = Debug|Any CPU
		{6664C0F8-2E23-41B9-B23E-90F1DBC110CB}.Debug|x86.ActiveCfg = Debug|Any CPU
		{6664C0F8-2E23-41B9-B23E-90F1DBC110CB}.Debug|x86.Build.0 = Debug|Any CPU
		{6664C0F8-2E23-41B9-B23E-90F1DBC110CB}.Release|Any CPU.ActiveCfg = Release|Any CPU
		{6664C0F8-2E23-41B9-B23E-90F1DBC110CB}.Release|Any CPU.Build.0 = Release|Any CPU
		{6664C0F8-2E23-41B9-B23E-90F1DBC110CB}.Release|x64.ActiveCfg = Release|Any CPU
		{6664C0F8-2E23-41B9-B23E-90F1DBC110CB}.Release|x64.Build.0 = Release|Any CPU
		{6664C0F8-2E23-41B9-B23E-90F1DBC110CB}.Release|x86.ActiveCfg = Release|Any CPU
		{6664C0F8-2E23-41B9-B23E-90F1DBC110CB}.Release|x86.Build.0 = Release|Any CPU
		{4EEBE3CA-138F-4B70-A591-DF8CF4C74ECF}.Debug|Any CPU.ActiveCfg = Debug|Any CPU
		{4EEBE3CA-138F-4B70-A591-DF8CF4C74ECF}.Debug|Any CPU.Build.0 = Debug|Any CPU
		{4EEBE3CA-138F-4B70-A591-DF8CF4C74ECF}.Debug|x64.ActiveCfg = Debug|Any CPU
		{4EEBE3CA-138F-4B70-A591-DF8CF4C74ECF}.Debug|x64.Build.0 = Debug|Any CPU
		{4EEBE3CA-138F-4B70-A591-DF8CF4C74ECF}.Debug|x86.ActiveCfg = Debug|Any CPU
		{4EEBE3CA-138F-4B70-A591-DF8CF4C74ECF}.Debug|x86.Build.0 = Debug|Any CPU
		{4EEBE3CA-138F-4B70-A591-DF8CF4C74ECF}.Release|Any CPU.ActiveCfg = Release|Any CPU
		{4EEBE3CA-138F-4B70-A591-DF8CF4C74ECF}.Release|Any CPU.Build.0 = Release|Any CPU
		{4EEBE3CA-138F-4B70-A591-DF8CF4C74ECF}.Release|x64.ActiveCfg = Release|Any CPU
		{4EEBE3CA-138F-4B70-A591-DF8CF4C74ECF}.Release|x64.Build.0 = Release|Any CPU
		{4EEBE3CA-138F-4B70-A591-DF8CF4C74ECF}.Release|x86.ActiveCfg = Release|Any CPU
		{4EEBE3CA-138F-4B70-A591-DF8CF4C74ECF}.Release|x86.Build.0 = Release|Any CPU
		{BA35633A-2904-4BB0-A788-5CADED892D88}.Debug|Any CPU.ActiveCfg = Debug|Any CPU
		{BA35633A-2904-4BB0-A788-5CADED892D88}.Debug|Any CPU.Build.0 = Debug|Any CPU
		{BA35633A-2904-4BB0-A788-5CADED892D88}.Debug|x64.ActiveCfg = Debug|Any CPU
		{BA35633A-2904-4BB0-A788-5CADED892D88}.Debug|x64.Build.0 = Debug|Any CPU
		{BA35633A-2904-4BB0-A788-5CADED892D88}.Debug|x86.ActiveCfg = Debug|Any CPU
		{BA35633A-2904-4BB0-A788-5CADED892D88}.Debug|x86.Build.0 = Debug|Any CPU
		{BA35633A-2904-4BB0-A788-5CADED892D88}.Release|Any CPU.ActiveCfg = Release|Any CPU
		{BA35633A-2904-4BB0-A788-5CADED892D88}.Release|Any CPU.Build.0 = Release|Any CPU
		{BA35633A-2904-4BB0-A788-5CADED892D88}.Release|x64.ActiveCfg = Release|Any CPU
		{BA35633A-2904-4BB0-A788-5CADED892D88}.Release|x64.Build.0 = Release|Any CPU
		{BA35633A-2904-4BB0-A788-5CADED892D88}.Release|x86.ActiveCfg = Release|Any CPU
		{BA35633A-2904-4BB0-A788-5CADED892D88}.Release|x86.Build.0 = Release|Any CPU
	EndGlobalSection
	GlobalSection(SolutionProperties) = preSolution
		HideSolutionNode = FALSE
	EndGlobalSection
	GlobalSection(ExtensibilityGlobals) = postSolution
		SolutionGuid = {EE468E76-5A3F-4CD5-B627-238C64634E9F}
	EndGlobalSection
EndGlobal
