
Microsoft Visual Studio Solution File, Format Version 12.00
# Visual Studio 15
VisualStudioVersion = 15.0.27428.2011
MinimumVisualStudioVersion = 10.0.40219.1
Project("{FAE04EC0-301F-11D3-BF4B-00C04F79EFBC}") = "Advanced03.DelegateDemo", "Advanced03.DelegateDemo\Advanced03.DelegateDemo.csproj", "{F1F3A9BF-508B-438A-A04C-C3B811BE5992}"
EndProject
Global
	GlobalSection(SolutionConfigurationPlatforms) = preSolution
		Debug|Any CPU = Debug|Any CPU
		Release|Any CPU = Release|Any CPU
	EndGlobalSection
	GlobalSection(ProjectConfigurationPlatforms) = postSolution
		{F1F3A9BF-508B-438A-A04C-C3B811BE5992}.Debug|Any CPU.ActiveCfg = Debug|Any CPU
		{F1F3A9BF-508B-438A-A04C-C3B811BE5992}.Debug|Any CPU.Build.0 = Debug|Any CPU
		{F1F3A9BF-508B-438A-A04C-C3B811BE5992}.Release|Any CPU.ActiveCfg = Release|Any CPU
		{F1F3A9BF-508B-438A-A04C-C3B811BE5992}.Release|Any CPU.Build.0 = Release|Any CPU
	EndGlobalSection
	GlobalSection(SolutionProperties) = preSolution
		HideSolutionNode = FALSE
	EndGlobalSection
	GlobalSection(ExtensibilityGlobals) = postSolution
		SolutionGuid = {D32748EE-C6D7-46C5-8E9D-9984694985EA}
	EndGlobalSection
EndGlobal
